<?xml version="1.0" encoding="utf-8"?>
<Project ToolsVersion="4.0" xmlns="http://schemas.microsoft.com/developer/msbuild/2003">
  <ItemGroup>
    <FxCompile Include="VertexShader.hlsl">
      <Filter>シェーダーファイル</Filter>
    </FxCompile>
    <FxCompile Include="PixelShader.hlsl">
      <Filter>シェーダーファイル</Filter>
    </FxCompile>
    <FxCompile Include="finalRenderVertexShader.hlsl">
      <Filter>シェーダーファイル</Filter>
    </FxCompile>
    <FxCompile Include="finalRenderPixelShader.hlsl">
      <Filter>シェーダーファイル</Filter>
    </FxCompile>
  </ItemGroup>
  <ItemGroup>
    <ClCompile Include="Application.cpp">
      <Filter>ソースファイル</Filter>
    </ClCompile>
    <ClCompile Include="Camera.cpp">
      <Filter>ソースファイル</Filter>
    </ClCompile>
    <ClCompile Include="DirectXController.cpp">
      <Filter>ソースファイル</Filter>
    </ClCompile>
    <ClCompile Include="main.cpp">
      <Filter>ソースファイル</Filter>
    </ClCompile>
    <ClCompile Include="PathController.cpp">
      <Filter>ソースファイル</Filter>
    </ClCompile>
    <ClCompile Include="Input.cpp">
      <Filter>ソースファイル</Filter>
    </ClCompile>
    <ClCompile Include="Object.cpp">
      <Filter>ソースファイル</Filter>
    </ClCompile>
    <ClCompile Include="Light.cpp">
      <Filter>ソースファイル</Filter>
    </ClCompile>
    <ClCompile Include="DX12Shader.cpp">
      <Filter>ソースファイル</Filter>
    </ClCompile>
    <ClCompile Include="ErrorDebug.cpp">
      <Filter>ソースファイル</Filter>
    </ClCompile>
    <ClCompile Include="DX12Object3D.cpp">
      <Filter>ソースファイル</Filter>
    </ClCompile>
    <ClCompile Include="DX12ObjectFormatOBJ.cpp">
      <Filter>ソースファイル</Filter>
    </ClCompile>
    <ClCompile Include="BaseWindowController.cpp">
      <Filter>ソースファイル</Filter>
    </ClCompile>
    <ClCompile Include="MainWindowController.cpp">
      <Filter>ソースファイル</Filter>
    </ClCompile>
    <ClCompile Include="EditWindowController.cpp">
      <Filter>ソースファイル</Filter>
    </ClCompile>
    <ClCompile Include="ListWindowController.cpp">
      <Filter>ソースファイル</Filter>
    </ClCompile>
  </ItemGroup>
  <ItemGroup>
    <ClInclude Include="Application.h">
      <Filter>ヘッダーファイル</Filter>
    </ClInclude>
    <ClInclude Include="Camera.h">
      <Filter>ヘッダーファイル</Filter>
    </ClInclude>
    <ClInclude Include="DirectXController.h">
      <Filter>ヘッダーファイル</Filter>
    </ClInclude>
    <ClInclude Include="PathController.h">
      <Filter>ヘッダーファイル</Filter>
    </ClInclude>
    <ClInclude Include="Input.h">
      <Filter>ヘッダーファイル</Filter>
    </ClInclude>
    <ClInclude Include="Object.h">
      <Filter>ヘッダーファイル</Filter>
    </ClInclude>
    <ClInclude Include="ConstValue.h">
      <Filter>ヘッダーファイル</Filter>
    </ClInclude>
    <ClInclude Include="Light.h">
      <Filter>ヘッダーファイル</Filter>
    </ClInclude>
    <ClInclude Include="DX12Shader.h">
      <Filter>ヘッダーファイル</Filter>
    </ClInclude>
    <ClInclude Include="ErrorDebug.h">
      <Filter>ヘッダーファイル</Filter>
    </ClInclude>
    <ClInclude Include="DX12Object3D.h">
      <Filter>ヘッダーファイル</Filter>
    </ClInclude>
    <ClInclude Include="DX12ObjectFormatOBJ.h">
      <Filter>ヘッダーファイル</Filter>
    </ClInclude>
    <ClInclude Include="BaseWindowController.h">
      <Filter>ヘッダーファイル</Filter>
    </ClInclude>
    <ClInclude Include="MainWindowController.h">
      <Filter>ヘッダーファイル</Filter>
    </ClInclude>
    <ClInclude Include="EditWindowController.h">
      <Filter>ヘッダーファイル</Filter>
    </ClInclude>
    <ClInclude Include="ListWindowController.h">
      <Filter>ヘッダーファイル</Filter>
    </ClInclude>
  </ItemGroup>
  <ItemGroup>
    <Filter Include="ソースファイル">
      <UniqueIdentifier>{38607f0d-58d3-461e-84a4-dcfb7971480a}</UniqueIdentifier>
    </Filter>
    <Filter Include="ヘッダーファイル">
      <UniqueIdentifier>{dd9f2b53-2751-413f-a227-bc7f7ef2bbcb}</UniqueIdentifier>
    </Filter>
    <Filter Include="シェーダーファイル">
      <UniqueIdentifier>{3850457b-c9ec-4c42-b21b-56dda9d4af06}</UniqueIdentifier>
    </Filter>
  </ItemGroup>
  <ItemGroup>
    <None Include="BasicShader.hlsli">
      <Filter>ヘッダーファイル</Filter>
    </None>
    <None Include="finalRenderShader.hlsli">
      <Filter>ヘッダーファイル</Filter>
    </None>
  </ItemGroup>
</Project>